// !$*UTF8*$!
{
	archiveVersion = 1;
	classes = {
	};
	objectVersion = 50;
	objects = {

/* Begin PBXBuildFile section */
		6C02650724DDECEA00922347 /* AppDelegate.swift in Sources */ = {isa = PBXBuildFile; fileRef = 6C02650624DDECEA00922347 /* AppDelegate.swift */; };
		6C02650924DDECEA00922347 /* SceneDelegate.swift in Sources */ = {isa = PBXBuildFile; fileRef = 6C02650824DDECEA00922347 /* SceneDelegate.swift */; };
		6C02650B24DDECEA00922347 /* ViewController.swift in Sources */ = {isa = PBXBuildFile; fileRef = 6C02650A24DDECEA00922347 /* ViewController.swift */; };
		6C02650E24DDECEA00922347 /* Main.storyboard in Resources */ = {isa = PBXBuildFile; fileRef = 6C02650C24DDECEA00922347 /* Main.storyboard */; };
		6C02651024DDECEB00922347 /* Assets.xcassets in Resources */ = {isa = PBXBuildFile; fileRef = 6C02650F24DDECEB00922347 /* Assets.xcassets */; };
		6C02651324DDECEB00922347 /* LaunchScreen.storyboard in Resources */ = {isa = PBXBuildFile; fileRef = 6C02651124DDECEB00922347 /* LaunchScreen.storyboard */; };
		6C5681B624DE0F7600736627 /* TNGCommunicatorChirp.m4a in Resources */ = {isa = PBXBuildFile; fileRef = 6C5681A824DE0F7600736627 /* TNGCommunicatorChirp.m4a */; };
		6C5681B724DE0F7600736627 /* ComputerData05.m4a in Resources */ = {isa = PBXBuildFile; fileRef = 6C5681A924DE0F7600736627 /* ComputerData05.m4a */; };
		6C5681B824DE0F7600736627 /* SitcomLaughter08.m4a in Resources */ = {isa = PBXBuildFile; fileRef = 6C5681AA24DE0F7600736627 /* SitcomLaughter08.m4a */; };
		6C5681B924DE0F7600736627 /* SitcomLaughter02.m4a in Resources */ = {isa = PBXBuildFile; fileRef = 6C5681AB24DE0F7600736627 /* SitcomLaughter02.m4a */; };
		6C5681BA24DE0F7600736627 /* SitcomLaughter03.m4a in Resources */ = {isa = PBXBuildFile; fileRef = 6C5681AC24DE0F7600736627 /* SitcomLaughter03.m4a */; };
		6C5681BB24DE0F7600736627 /* SitcomLaughter07.m4a in Resources */ = {isa = PBXBuildFile; fileRef = 6C5681AD24DE0F7600736627 /* SitcomLaughter07.m4a */; };
		6C5681BC24DE0F7600736627 /* KidsBooing.m4a in Resources */ = {isa = PBXBuildFile; fileRef = 6C5681AE24DE0F7600736627 /* KidsBooing.m4a */; };
		6C5681BD24DE0F7600736627 /* SitcomLaughter01.m4a in Resources */ = {isa = PBXBuildFile; fileRef = 6C5681AF24DE0F7600736627 /* SitcomLaughter01.m4a */; };
		6C5681BE24DE0F7600736627 /* TNGDoorChime.m4a in Resources */ = {isa = PBXBuildFile; fileRef = 6C5681B024DE0F7600736627 /* TNGDoorChime.m4a */; };
		6C5681BF24DE0F7600736627 /* SitcomLaughter04.m4a in Resources */ = {isa = PBXBuildFile; fileRef = 6C5681B124DE0F7600736627 /* SitcomLaughter04.m4a */; };
		6C5681C024DE0F7600736627 /* KidsCheering.m4a in Resources */ = {isa = PBXBuildFile; fileRef = 6C5681B224DE0F7600736627 /* KidsCheering.m4a */; };
		6C5681C124DE0F7600736627 /* SitcomLaughter06.m4a in Resources */ = {isa = PBXBuildFile; fileRef = 6C5681B324DE0F7600736627 /* SitcomLaughter06.m4a */; };
		6C5681C224DE0F7600736627 /* CheeringCrowdStudio.m4a in Resources */ = {isa = PBXBuildFile; fileRef = 6C5681B424DE0F7600736627 /* CheeringCrowdStudio.m4a */; };
		6C5681C324DE0F7600736627 /* SitcomLaughter05.m4a in Resources */ = {isa = PBXBuildFile; fileRef = 6C5681B524DE0F7600736627 /* SitcomLaughter05.m4a */; };
		6C5681C524E1B3EA00736627 /* ChildrenAaaah.m4a in Resources */ = {isa = PBXBuildFile; fileRef = 6C5681C424E1B3EA00736627 /* ChildrenAaaah.m4a */; };
		6C5681C724E3630F00736627 /* README.md in Resources */ = {isa = PBXBuildFile; fileRef = 6C5681C624E3630F00736627 /* README.md */; };
/* End PBXBuildFile section */

/* Begin PBXFileReference section */
		6C02650324DDECEA00922347 /* SFX Generator.app */ = {isa = PBXFileReference; explicitFileType = wrapper.application; includeInIndex = 0; path = "SFX Generator.app"; sourceTree = BUILT_PRODUCTS_DIR; };
		6C02650624DDECEA00922347 /* AppDelegate.swift */ = {isa = PBXFileReference; lastKnownFileType = sourcecode.swift; path = AppDelegate.swift; sourceTree = "<group>"; };
		6C02650824DDECEA00922347 /* SceneDelegate.swift */ = {isa = PBXFileReference; lastKnownFileType = sourcecode.swift; path = SceneDelegate.swift; sourceTree = "<group>"; };
		6C02650A24DDECEA00922347 /* ViewController.swift */ = {isa = PBXFileReference; lastKnownFileType = sourcecode.swift; path = ViewController.swift; sourceTree = "<group>"; };
		6C02650D24DDECEA00922347 /* Base */ = {isa = PBXFileReference; lastKnownFileType = file.storyboard; name = Base; path = Base.lproj/Main.storyboard; sourceTree = "<group>"; };
		6C02650F24DDECEB00922347 /* Assets.xcassets */ = {isa = PBXFileReference; lastKnownFileType = folder.assetcatalog; path = Assets.xcassets; sourceTree = "<group>"; };
		6C02651224DDECEB00922347 /* Base */ = {isa = PBXFileReference; lastKnownFileType = file.storyboard; name = Base; path = Base.lproj/LaunchScreen.storyboard; sourceTree = "<group>"; };
		6C02651424DDECEB00922347 /* Info.plist */ = {isa = PBXFileReference; lastKnownFileType = text.plist.xml; path = Info.plist; sourceTree = "<group>"; };
		6C5681A824DE0F7600736627 /* TNGCommunicatorChirp.m4a */ = {isa = PBXFileReference; lastKnownFileType = file; path = TNGCommunicatorChirp.m4a; sourceTree = "<group>"; };
		6C5681A924DE0F7600736627 /* ComputerData05.m4a */ = {isa = PBXFileReference; lastKnownFileType = file; path = ComputerData05.m4a; sourceTree = "<group>"; };
		6C5681AA24DE0F7600736627 /* SitcomLaughter08.m4a */ = {isa = PBXFileReference; lastKnownFileType = file; path = SitcomLaughter08.m4a; sourceTree = "<group>"; };
		6C5681AB24DE0F7600736627 /* SitcomLaughter02.m4a */ = {isa = PBXFileReference; lastKnownFileType = file; path = SitcomLaughter02.m4a; sourceTree = "<group>"; };
		6C5681AC24DE0F7600736627 /* SitcomLaughter03.m4a */ = {isa = PBXFileReference; lastKnownFileType = file; path = SitcomLaughter03.m4a; sourceTree = "<group>"; };
		6C5681AD24DE0F7600736627 /* SitcomLaughter07.m4a */ = {isa = PBXFileReference; lastKnownFileType = file; path = SitcomLaughter07.m4a; sourceTree = "<group>"; };
		6C5681AE24DE0F7600736627 /* KidsBooing.m4a */ = {isa = PBXFileReference; lastKnownFileType = file; path = KidsBooing.m4a; sourceTree = "<group>"; };
		6C5681AF24DE0F7600736627 /* SitcomLaughter01.m4a */ = {isa = PBXFileReference; lastKnownFileType = file; path = SitcomLaughter01.m4a; sourceTree = "<group>"; };
		6C5681B024DE0F7600736627 /* TNGDoorChime.m4a */ = {isa = PBXFileReference; lastKnownFileType = file; path = TNGDoorChime.m4a; sourceTree = "<group>"; };
		6C5681B124DE0F7600736627 /* SitcomLaughter04.m4a */ = {isa = PBXFileReference; lastKnownFileType = file; path = SitcomLaughter04.m4a; sourceTree = "<group>"; };
		6C5681B224DE0F7600736627 /* KidsCheering.m4a */ = {isa = PBXFileReference; lastKnownFileType = file; path = KidsCheering.m4a; sourceTree = "<group>"; };
		6C5681B324DE0F7600736627 /* SitcomLaughter06.m4a */ = {isa = PBXFileReference; lastKnownFileType = file; path = SitcomLaughter06.m4a; sourceTree = "<group>"; };
		6C5681B424DE0F7600736627 /* CheeringCrowdStudio.m4a */ = {isa = PBXFileReference; lastKnownFileType = file; path = CheeringCrowdStudio.m4a; sourceTree = "<group>"; };
		6C5681B524DE0F7600736627 /* SitcomLaughter05.m4a */ = {isa = PBXFileReference; lastKnownFileType = file; path = SitcomLaughter05.m4a; sourceTree = "<group>"; };
		6C5681C424E1B3EA00736627 /* ChildrenAaaah.m4a */ = {isa = PBXFileReference; lastKnownFileType = file; path = ChildrenAaaah.m4a; sourceTree = "<group>"; };
		6C5681C624E3630F00736627 /* README.md */ = {isa = PBXFileReference; fileEncoding = 4; lastKnownFileType = net.daringfireball.markdown; path = README.md; sourceTree = "<group>"; };
/* End PBXFileReference section */

/* Begin PBXFrameworksBuildPhase section */
		6C02650024DDECEA00922347 /* Frameworks */ = {
			isa = PBXFrameworksBuildPhase;
			buildActionMask = 2147483647;
			files = (
			);
			runOnlyForDeploymentPostprocessing = 0;
		};
/* End PBXFrameworksBuildPhase section */

/* Begin PBXGroup section */
		6C0264FA24DDECEA00922347 = {
			isa = PBXGroup;
			children = (
				6C5681C624E3630F00736627 /* README.md */,
				6C02650524DDECEA00922347 /* SFX Generator */,
				6C02650424DDECEA00922347 /* Products */,
			);
			sourceTree = "<group>";
		};
		6C02650424DDECEA00922347 /* Products */ = {
			isa = PBXGroup;
			children = (
				6C02650324DDECEA00922347 /* SFX Generator.app */,
			);
			name = Products;
			sourceTree = "<group>";
		};
		6C02650524DDECEA00922347 /* SFX Generator */ = {
			isa = PBXGroup;
			children = (
				6C5681A724DDFDC400736627 /* Sounds */,
				6C02650624DDECEA00922347 /* AppDelegate.swift */,
				6C02650824DDECEA00922347 /* SceneDelegate.swift */,
				6C02650A24DDECEA00922347 /* ViewController.swift */,
				6C02650C24DDECEA00922347 /* Main.storyboard */,
				6C02650F24DDECEB00922347 /* Assets.xcassets */,
				6C02651124DDECEB00922347 /* LaunchScreen.storyboard */,
				6C02651424DDECEB00922347 /* Info.plist */,
			);
			path = "SFX Generator";
			sourceTree = "<group>";
		};
		6C5681A724DDFDC400736627 /* Sounds */ = {
			isa = PBXGroup;
			children = (
				6C5681C424E1B3EA00736627 /* ChildrenAaaah.m4a */,
				6C5681B424DE0F7600736627 /* CheeringCrowdStudio.m4a */,
				6C5681A924DE0F7600736627 /* ComputerData05.m4a */,
				6C5681AE24DE0F7600736627 /* KidsBooing.m4a */,
				6C5681B224DE0F7600736627 /* KidsCheering.m4a */,
				6C5681AF24DE0F7600736627 /* SitcomLaughter01.m4a */,
				6C5681AB24DE0F7600736627 /* SitcomLaughter02.m4a */,
				6C5681AC24DE0F7600736627 /* SitcomLaughter03.m4a */,
				6C5681B124DE0F7600736627 /* SitcomLaughter04.m4a */,
				6C5681B524DE0F7600736627 /* SitcomLaughter05.m4a */,
				6C5681B324DE0F7600736627 /* SitcomLaughter06.m4a */,
				6C5681AD24DE0F7600736627 /* SitcomLaughter07.m4a */,
				6C5681AA24DE0F7600736627 /* SitcomLaughter08.m4a */,
				6C5681A824DE0F7600736627 /* TNGCommunicatorChirp.m4a */,
				6C5681B024DE0F7600736627 /* TNGDoorChime.m4a */,
			);
			path = Sounds;
			sourceTree = "<group>";
		};
/* End PBXGroup section */

/* Begin PBXNativeTarget section */
		6C02650224DDECEA00922347 /* SFX Generator */ = {
			isa = PBXNativeTarget;
			buildConfigurationList = 6C02651724DDECEB00922347 /* Build configuration list for PBXNativeTarget "SFX Generator" */;
			buildPhases = (
				6C0264FF24DDECEA00922347 /* Sources */,
				6C02650024DDECEA00922347 /* Frameworks */,
				6C02650124DDECEA00922347 /* Resources */,
			);
			buildRules = (
			);
			dependencies = (
			);
			name = "SFX Generator";
			productName = "SFX Generator";
			productReference = 6C02650324DDECEA00922347 /* SFX Generator.app */;
			productType = "com.apple.product-type.application";
		};
/* End PBXNativeTarget section */

/* Begin PBXProject section */
		6C0264FB24DDECEA00922347 /* Project object */ = {
			isa = PBXProject;
			attributes = {
				LastSwiftUpdateCheck = 1160;
				LastUpgradeCheck = 1160;
				ORGANIZATIONNAME = "Randall Hanson";
				TargetAttributes = {
					6C02650224DDECEA00922347 = {
						CreatedOnToolsVersion = 11.6;
					};
				};
			};
			buildConfigurationList = 6C0264FE24DDECEA00922347 /* Build configuration list for PBXProject "SFX Generator" */;
			compatibilityVersion = "Xcode 9.3";
			developmentRegion = en;
			hasScannedForEncodings = 0;
			knownRegions = (
				en,
				Base,
			);
			mainGroup = 6C0264FA24DDECEA00922347;
			productRefGroup = 6C02650424DDECEA00922347 /* Products */;
			projectDirPath = "";
			projectRoot = "";
			targets = (
				6C02650224DDECEA00922347 /* SFX Generator */,
			);
		};
/* End PBXProject section */

/* Begin PBXResourcesBuildPhase section */
		6C02650124DDECEA00922347 /* Resources */ = {
			isa = PBXResourcesBuildPhase;
			buildActionMask = 2147483647;
			files = (
				6C5681B624DE0F7600736627 /* TNGCommunicatorChirp.m4a in Resources */,
				6C5681BD24DE0F7600736627 /* SitcomLaughter01.m4a in Resources */,
				6C5681C024DE0F7600736627 /* KidsCheering.m4a in Resources */,
				6C5681C324DE0F7600736627 /* SitcomLaughter05.m4a in Resources */,
				6C5681C224DE0F7600736627 /* CheeringCrowdStudio.m4a in Resources */,
				6C5681B724DE0F7600736627 /* ComputerData05.m4a in Resources */,
				6C5681C524E1B3EA00736627 /* ChildrenAaaah.m4a in Resources */,
				6C5681BA24DE0F7600736627 /* SitcomLaughter03.m4a in Resources */,
				6C5681B924DE0F7600736627 /* SitcomLaughter02.m4a in Resources */,
				6C02651324DDECEB00922347 /* LaunchScreen.storyboard in Resources */,
				6C5681BC24DE0F7600736627 /* KidsBooing.m4a in Resources */,
				6C5681C124DE0F7600736627 /* SitcomLaughter06.m4a in Resources */,
				6C5681BB24DE0F7600736627 /* SitcomLaughter07.m4a in Resources */,
				6C5681C724E3630F00736627 /* README.md in Resources */,
				6C02651024DDECEB00922347 /* Assets.xcassets in Resources */,
				6C5681BF24DE0F7600736627 /* SitcomLaughter04.m4a in Resources */,
				6C02650E24DDECEA00922347 /* Main.storyboard in Resources */,
				6C5681B824DE0F7600736627 /* SitcomLaughter08.m4a in Resources */,
				6C5681BE24DE0F7600736627 /* TNGDoorChime.m4a in Resources */,
			);
			runOnlyForDeploymentPostprocessing = 0;
		};
/* End PBXResourcesBuildPhase section */

/* Begin PBXSourcesBuildPhase section */
		6C0264FF24DDECEA00922347 /* Sources */ = {
			isa = PBXSourcesBuildPhase;
			buildActionMask = 2147483647;
			files = (
				6C02650B24DDECEA00922347 /* ViewController.swift in Sources */,
				6C02650724DDECEA00922347 /* AppDelegate.swift in Sources */,
				6C02650924DDECEA00922347 /* SceneDelegate.swift in Sources */,
			);
			runOnlyForDeploymentPostprocessing = 0;
		};
/* End PBXSourcesBuildPhase section */

/* Begin PBXVariantGroup section */
		6C02650C24DDECEA00922347 /* Main.storyboard */ = {
			isa = PBXVariantGroup;
			children = (
				6C02650D24DDECEA00922347 /* Base */,
			);
			name = Main.storyboard;
			sourceTree = "<group>";
		};
		6C02651124DDECEB00922347 /* LaunchScreen.storyboard */ = {
			isa = PBXVariantGroup;
			children = (
				6C02651224DDECEB00922347 /* Base */,
			);
			name = LaunchScreen.storyboard;
			sourceTree = "<group>";
		};
/* End PBXVariantGroup section */

/* Begin XCBuildConfiguration section */
		6C02651524DDECEB00922347 /* Debug */ = {
			isa = XCBuildConfiguration;
			buildSettings = {
				ALWAYS_SEARCH_USER_PATHS = NO;
				CLANG_ANALYZER_NONNULL = YES;
				CLANG_ANALYZER_NUMBER_OBJECT_CONVERSION = YES_AGGRESSIVE;
				CLANG_CXX_LANGUAGE_STANDARD = "gnu++14";
				CLANG_CXX_LIBRARY = "libc++";
				CLANG_ENABLE_MODULES = YES;
				CLANG_ENABLE_OBJC_ARC = YES;
				CLANG_ENABLE_OBJC_WEAK = YES;
				CLANG_WARN_BLOCK_CAPTURE_AUTORELEASING = YES;
				CLANG_WARN_BOOL_CONVERSION = YES;
				CLANG_WARN_COMMA = YES;
				CLANG_WARN_CONSTANT_CONVERSION = YES;
				CLANG_WARN_DEPRECATED_OBJC_IMPLEMENTATIONS = YES;
				CLANG_WARN_DIRECT_OBJC_ISA_USAGE = YES_ERROR;
				CLANG_WARN_DOCUMENTATION_COMMENTS = YES;
				CLANG_WARN_EMPTY_BODY = YES;
				CLANG_WARN_ENUM_CONVERSION = YES;
				CLANG_WARN_INFINITE_RECURSION = YES;
				CLANG_WARN_INT_CONVERSION = YES;
				CLANG_WARN_NON_LITERAL_NULL_CONVERSION = YES;
				CLANG_WARN_OBJC_IMPLICIT_RETAIN_SELF = YES;
				CLANG_WARN_OBJC_LITERAL_CONVERSION = YES;
				CLANG_WARN_OBJC_ROOT_CLASS = YES_ERROR;
				CLANG_WARN_RANGE_LOOP_ANALYSIS = YES;
				CLANG_WARN_STRICT_PROTOTYPES = YES;
				CLANG_WARN_SUSPICIOUS_MOVE = YES;
				CLANG_WARN_UNGUARDED_AVAILABILITY = YES_AGGRESSIVE;
				CLANG_WARN_UNREACHABLE_CODE = YES;
				CLANG_WARN__DUPLICATE_METHOD_MATCH = YES;
				COPY_PHASE_STRIP = NO;
				DEBUG_INFORMATION_FORMAT = dwarf;
				ENABLE_STRICT_OBJC_MSGSEND = YES;
				ENABLE_TESTABILITY = YES;
				GCC_C_LANGUAGE_STANDARD = gnu11;
				GCC_DYNAMIC_NO_PIC = NO;
				GCC_NO_COMMON_BLOCKS = YES;
				GCC_OPTIMIZATION_LEVEL = 0;
				GCC_PREPROCESSOR_DEFINITIONS = (
					"DEBUG=1",
					"$(inherited)",
				);
				GCC_WARN_64_TO_32_BIT_CONVERSION = YES;
				GCC_WARN_ABOUT_RETURN_TYPE = YES_ERROR;
				GCC_WARN_UNDECLARED_SELECTOR = YES;
				GCC_WARN_UNINITIALIZED_AUTOS = YES_AGGRESSIVE;
				GCC_WARN_UNUSED_FUNCTION = YES;
				GCC_WARN_UNUSED_VARIABLE = YES;
				IPHONEOS_DEPLOYMENT_TARGET = 13.6;
				MTL_ENABLE_DEBUG_INFO = INCLUDE_SOURCE;
				MTL_FAST_MATH = YES;
				ONLY_ACTIVE_ARCH = YES;
				SDKROOT = iphoneos;
				SWIFT_ACTIVE_COMPILATION_CONDITIONS = DEBUG;
				SWIFT_OPTIMIZATION_LEVEL = "-Onone";
			};
			name = Debug;
		};
		6C02651624DDECEB00922347 /* Release */ = {
			isa = XCBuildConfiguration;
			buildSettings = {
				ALWAYS_SEARCH_USER_PATHS = NO;
				CLANG_ANALYZER_NONNULL = YES;
				CLANG_ANALYZER_NUMBER_OBJECT_CONVERSION = YES_AGGRESSIVE;
				CLANG_CXX_LANGUAGE_STANDARD = "gnu++14";
				CLANG_CXX_LIBRARY = "libc++";
				CLANG_ENABLE_MODULES = YES;
				CLANG_ENABLE_OBJC_ARC = YES;
				CLANG_ENABLE_OBJC_WEAK = YES;
				CLANG_WARN_BLOCK_CAPTURE_AUTORELEASING = YES;
				CLANG_WARN_BOOL_CONVERSION = YES;
				CLANG_WARN_COMMA = YES;
				CLANG_WARN_CONSTANT_CONVERSION = YES;
				CLANG_WARN_DEPRECATED_OBJC_IMPLEMENTATIONS = YES;
				CLANG_WARN_DIRECT_OBJC_ISA_USAGE = YES_ERROR;
				CLANG_WARN_DOCUMENTATION_COMMENTS = YES;
				CLANG_WARN_EMPTY_BODY = YES;
				CLANG_WARN_ENUM_CONVERSION = YES;
				CLANG_WARN_INFINITE_RECURSION = YES;
				CLANG_WARN_INT_CONVERSION = YES;
				CLANG_WARN_NON_LITERAL_NULL_CONVERSION = YES;
				CLANG_WARN_OBJC_IMPLICIT_RETAIN_SELF = YES;
				CLANG_WARN_OBJC_LITERAL_CONVERSION = YES;
				CLANG_WARN_OBJC_ROOT_CLASS = YES_ERROR;
				CLANG_WARN_RANGE_LOOP_ANALYSIS = YES;
				CLANG_WARN_STRICT_PROTOTYPES = YES;
				CLANG_WARN_SUSPICIOUS_MOVE = YES;
				CLANG_WARN_UNGUARDED_AVAILABILITY = YES_AGGRESSIVE;
				CLANG_WARN_UNREACHABLE_CODE = YES;
				CLANG_WARN__DUPLICATE_METHOD_MATCH = YES;
				COPY_PHASE_STRIP = NO;
				DEBUG_INFORMATION_FORMAT = "dwarf-with-dsym";
				ENABLE_NS_ASSERTIONS = NO;
				ENABLE_STRICT_OBJC_MSGSEND = YES;
				GCC_C_LANGUAGE_STANDARD = gnu11;
				GCC_NO_COMMON_BLOCKS = YES;
				GCC_WARN_64_TO_32_BIT_CONVERSION = YES;
				GCC_WARN_ABOUT_RETURN_TYPE = YES_ERROR;
				GCC_WARN_UNDECLARED_SELECTOR = YES;
				GCC_WARN_UNINITIALIZED_AUTOS = YES_AGGRESSIVE;
				GCC_WARN_UNUSED_FUNCTION = YES;
				GCC_WARN_UNUSED_VARIABLE = YES;
				IPHONEOS_DEPLOYMENT_TARGET = 13.6;
				MTL_ENABLE_DEBUG_INFO = NO;
				MTL_FAST_MATH = YES;
				SDKROOT = iphoneos;
				SWIFT_COMPILATION_MODE = wholemodule;
				SWIFT_OPTIMIZATION_LEVEL = "-O";
				VALIDATE_PRODUCT = YES;
			};
			name = Release;
		};
		6C02651824DDECEB00922347 /* Debug */ = {
			isa = XCBuildConfiguration;
			buildSettings = {
				ASSETCATALOG_COMPILER_APPICON_NAME = AppIcon;
				CODE_SIGN_STYLE = Automatic;
				DEVELOPMENT_TEAM = 4NP2A28F7X;
				INFOPLIST_FILE = "SFX Generator/Info.plist";
				LD_RUNPATH_SEARCH_PATHS = (
					"$(inherited)",
					"@executable_path/Frameworks",
				);
				PRODUCT_BUNDLE_IDENTIFIER = "com.studiohanson.SFX-Generator";
				PRODUCT_NAME = "$(TARGET_NAME)";
				SWIFT_VERSION = 5.0;
				TARGETED_DEVICE_FAMILY = "1,2";
			};
			name = Debug;
		};
		6C02651924DDECEB00922347 /* Release */ = {
			isa = XCBuildConfiguration;
			buildSettings = {
				ASSETCATALOG_COMPILER_APPICON_NAME = AppIcon;
				CODE_SIGN_STYLE = Automatic;
				DEVELOPMENT_TEAM = 4NP2A28F7X;
				INFOPLIST_FILE = "SFX Generator/Info.plist";
				LD_RUNPATH_SEARCH_PATHS = (
					"$(inherited)",
					"@executable_path/Frameworks",
				);
				PRODUCT_BUNDLE_IDENTIFIER = "com.studiohanson.SFX-Generator";
				PRODUCT_NAME = "$(TARGET_NAME)";
				SWIFT_VERSION = 5.0;
				TARGETED_DEVICE_FAMILY = "1,2";
			};
			name = Release;
		};
/* End XCBuildConfiguration section */

/* Begin XCConfigurationList section */
		6C0264FE24DDECEA00922347 /* Build configuration list for PBXProject "SFX Generator" */ = {
			isa = XCConfigurationList;
			buildConfigurations = (
				6C02651524DDECEB00922347 /* Debug */,
				6C02651624DDECEB00922347 /* Release */,
			);
			defaultConfigurationIsVisible = 0;
			defaultConfigurationName = Release;
		};
		6C02651724DDECEB00922347 /* Build configuration list for PBXNativeTarget "SFX Generator" */ = {
			isa = XCConfigurationList;
			buildConfigurations = (
				6C02651824DDECEB00922347 /* Debug */,
				6C02651924DDECEB00922347 /* Release */,
			);
			defaultConfigurationIsVisible = 0;
			defaultConfigurationName = Release;
		};
/* End XCConfigurationList section */
	};
	rootObject = 6C0264FB24DDECEA00922347 /* Project object */;
}
